
Microsoft Visual Studio Solution File, Format Version 12.00
# Visual Studio 15
VisualStudioVersion = 15.0.28307.1259
MinimumVisualStudioVersion = 10.0.40219.1
Project("{FAE04EC0-301F-11D3-BF4B-00C04F79EFBC}") = "WeatherAverageCalculator", "WeatherAverageCalculator\WeatherAverageCalculator.csproj", "{B9ECF13E-9504-41FB-BD0E-12886C4805CC}"
EndProject
Global
	GlobalSection(SolutionConfigurationPlatforms) = preSolution
		Debug|Any CPU = Debug|Any CPU
		Release|Any CPU = Release|Any CPU
	EndGlobalSection
	GlobalSection(ProjectConfigurationPlatforms) = postSolution
		{B9ECF13E-9504-41FB-BD0E-12886C4805CC}.Debug|Any CPU.ActiveCfg = Debug|Any CPU
		{B9ECF13E-9504-41FB-BD0E-12886C4805CC}.Debug|Any CPU.Build.0 = Debug|Any CPU
		{B9ECF13E-9504-41FB-BD0E-12886C4805CC}.Release|Any CPU.ActiveCfg = Release|Any CPU
		{B9ECF13E-9504-41FB-BD0E-12886C4805CC}.Release|Any CPU.Build.0 = Release|Any CPU
	EndGlobalSection
	GlobalSection(SolutionProperties) = preSolution
		HideSolutionNode = FALSE
	EndGlobalSection
	GlobalSection(ExtensibilityGlobals) = postSolution
		SolutionGuid = {6A3F8E0F-950F-4695-9FF3-D6E472E34C4D}
	EndGlobalSection
EndGlobal
